{
  "name": "omniseedos",
  "version": "0.1.0",
  "lockfileVersion": 3,
  "requires": true,
  "packages": {
    "": {
      "name": "omniseedos",
      "version": "0.1.0",
      "dependencies": {
        "omniseed": "https://github.com/mikeajijola/omniseed/archive/f65c447.tar.gz"
      },
      "engines": {
        "node": ">=20"
      }
    },
    "node_modules/omniseed": {
      "version": "0.1.0",
      "resolved": "https://github.com/mikeajijola/omniseed/archive/f65c447.tar.gz",
      "integrity": "sha512-B4IcQxUnGVugazOqOp2/EUoobBNciaSSTP4vHoBY/hLA4JieF42zPIQOohVWdPKSexM+GttXi7jWRG2UGx11hA==",
      "workspaces": [
        "packages/*"
      ],
      "engines": {
        "node": ">=20"
      }
    }
  }
}
