{
  "name": "@omniseed/os",
  "version": "1.0.0-alpha.1",
  "lockfileVersion": 3,
  "requires": true,
  "packages": {
    "": {
      "name": "@omniseed/os",
      "version": "1.0.0-alpha.1",
      "license": "Apache-2.0",
      "dependencies": {
        "@omniseed/engine": "file:../omniseed",
        "@omniseed/omniform": "file:../omniform"
      },
      "engines": {
        "node": ">=22"
      }
    },
    "../omniform": {
      "name": "@omniseed/omniform",
      "version": "1.0.0-alpha.1",
      "license": "Apache-2.0",
      "dependencies": {
        "yaml": "^2.8.1"
      },
      "bin": {
        "omniform": "src/cli.js"
      },
      "engines": {
        "node": ">=22"
      }
    },
    "../omniseed": {
      "name": "@omniseed/engine",
      "version": "1.0.0-alpha.1",
      "license": "Apache-2.0",
      "dependencies": {
        "@omniseed/omniform": "file:../omniform"
      },
      "bin": {
        "omniseed": "src/cli.js"
      },
      "engines": {
        "node": ">=22"
      }
    },
    "node_modules/@omniseed/engine": {
      "resolved": "../omniseed",
      "link": true
    },
    "node_modules/@omniseed/omniform": {
      "resolved": "../omniform",
      "link": true
    }
  }
}
